
Microsoft Visual Studio Solution File, Format Version 12.00
# Visual Studio Version 16
VisualStudioVersion = 16.0.30320.27
MinimumVisualStudioVersion = 10.0.40219.1
Project("{8BC9CEB8-8B4A-11D0-8D11-00A0C91BC942}") = "LoginAndRegister", "LoginAndRegister.vcxproj", "{1F50B49B-955C-3716-9068-67D3B2CAB6D5}"
EndProject
Global
	GlobalSection(SolutionConfigurationPlatforms) = preSolution
		Debug|x64 = Debug|x64
		Release|x64 = Release|x64
	EndGlobalSection
	GlobalSection(ProjectConfigurationPlatforms) = postSolution
		{1F50B49B-955C-3716-9068-67D3B2CAB6D5}.Debug|x64.ActiveCfg = Debug|x64
		{1F50B49B-955C-3716-9068-67D3B2CAB6D5}.Debug|x64.Build.0 = Debug|x64
		{1F50B49B-955C-3716-9068-67D3B2CAB6D5}.Release|x64.ActiveCfg = Release|x64
		{1F50B49B-955C-3716-9068-67D3B2CAB6D5}.Release|x64.Build.0 = Release|x64
	EndGlobalSection
	GlobalSection(SolutionProperties) = preSolution
		HideSolutionNode = FALSE
	EndGlobalSection
	GlobalSection(ExtensibilityGlobals) = postSolution
		SolutionGuid = {B3A4ABF0-B95F-4AB1-B4B1-9503CF8E4D25}
	EndGlobalSection
EndGlobal
